// !$*UTF8*$!
{
	archiveVersion = 1;
	classes = {
	};
	objectVersion = 55;
	objects = {

/* Begin PBXBuildFile section */
		7398693AB2909CC1FB1C53FA /* Pods_cryptoCurrencyApplication.framework in Frameworks */ = {isa = PBXBuildFile; fileRef = D86C71B675778CBDF0E90000 /* Pods_cryptoCurrencyApplication.framework */; };
		FAE1C7522A9555CB0005B011 /* AppDelegate.swift in Sources */ = {isa = PBXBuildFile; fileRef = FAE1C7512A9555CB0005B011 /* AppDelegate.swift */; };
		FAE1C7542A9555CB0005B011 /* SceneDelegate.swift in Sources */ = {isa = PBXBuildFile; fileRef = FAE1C7532A9555CB0005B011 /* SceneDelegate.swift */; };
		FAE1C7562A9555CB0005B011 /* MainPageViewController.swift in Sources */ = {isa = PBXBuildFile; fileRef = FAE1C7552A9555CB0005B011 /* MainPageViewController.swift */; };
		FAE1C75B2A9555D00005B011 /* Assets.xcassets in Resources */ = {isa = PBXBuildFile; fileRef = FAE1C75A2A9555D00005B011 /* Assets.xcassets */; };
		FAE1C75E2A9555D00005B011 /* LaunchScreen.storyboard in Resources */ = {isa = PBXBuildFile; fileRef = FAE1C75C2A9555D00005B011 /* LaunchScreen.storyboard */; };
		FAE1C7672A95570A0005B011 /* UIColor+Extensions.swift in Sources */ = {isa = PBXBuildFile; fileRef = FAE1C7662A95570A0005B011 /* UIColor+Extensions.swift */; };
		FAE1C7692A95572F0005B011 /* RankingListTableViewCell.swift in Sources */ = {isa = PBXBuildFile; fileRef = FAE1C7682A95572F0005B011 /* RankingListTableViewCell.swift */; };
		FAE1C7722A9558D80005B011 /* CryptoModel.swift in Sources */ = {isa = PBXBuildFile; fileRef = FAE1C7712A9558D80005B011 /* CryptoModel.swift */; };
		FAE1C7742A9559C40005B011 /* FetchCoinDataInteractor.swift in Sources */ = {isa = PBXBuildFile; fileRef = FAE1C7732A9559C40005B011 /* FetchCoinDataInteractor.swift */; };
		FAE1C7792A955BE90005B011 /* MainPagePresenter.swift in Sources */ = {isa = PBXBuildFile; fileRef = FAE1C7782A955BE90005B011 /* MainPagePresenter.swift */; };
		FAE1C77B2A955BFB0005B011 /* MainPageRouter.swift in Sources */ = {isa = PBXBuildFile; fileRef = FAE1C77A2A955BFB0005B011 /* MainPageRouter.swift */; };
		FAE1C77E2A9560AC0005B011 /* DetailPageViewController.swift in Sources */ = {isa = PBXBuildFile; fileRef = FAE1C77D2A9560AC0005B011 /* DetailPageViewController.swift */; };
		FAE1C7802A9560B90005B011 /* DetailPageRouter.swift in Sources */ = {isa = PBXBuildFile; fileRef = FAE1C77F2A9560B90005B011 /* DetailPageRouter.swift */; };
		FAE1C7822A9560C60005B011 /* DetailPagePresenter.swift in Sources */ = {isa = PBXBuildFile; fileRef = FAE1C7812A9560C60005B011 /* DetailPagePresenter.swift */; };
/* End PBXBuildFile section */

/* Begin PBXFileReference section */
		4C99601A423487CCC86D15A8 /* Pods-cryptoCurrencyApplication.debug.xcconfig */ = {isa = PBXFileReference; includeInIndex = 1; lastKnownFileType = text.xcconfig; name = "Pods-cryptoCurrencyApplication.debug.xcconfig"; path = "Target Support Files/Pods-cryptoCurrencyApplication/Pods-cryptoCurrencyApplication.debug.xcconfig"; sourceTree = "<group>"; };
		C7E0943F11DE5F22176987F4 /* Pods-cryptoCurrencyApplication.release.xcconfig */ = {isa = PBXFileReference; includeInIndex = 1; lastKnownFileType = text.xcconfig; name = "Pods-cryptoCurrencyApplication.release.xcconfig"; path = "Target Support Files/Pods-cryptoCurrencyApplication/Pods-cryptoCurrencyApplication.release.xcconfig"; sourceTree = "<group>"; };
		D86C71B675778CBDF0E90000 /* Pods_cryptoCurrencyApplication.framework */ = {isa = PBXFileReference; explicitFileType = wrapper.framework; includeInIndex = 0; path = Pods_cryptoCurrencyApplication.framework; sourceTree = BUILT_PRODUCTS_DIR; };
		FAE1C74E2A9555CB0005B011 /* cryptoCurrencyApplication.app */ = {isa = PBXFileReference; explicitFileType = wrapper.application; includeInIndex = 0; path = cryptoCurrencyApplication.app; sourceTree = BUILT_PRODUCTS_DIR; };
		FAE1C7512A9555CB0005B011 /* AppDelegate.swift */ = {isa = PBXFileReference; lastKnownFileType = sourcecode.swift; path = AppDelegate.swift; sourceTree = "<group>"; };
		FAE1C7532A9555CB0005B011 /* SceneDelegate.swift */ = {isa = PBXFileReference; lastKnownFileType = sourcecode.swift; path = SceneDelegate.swift; sourceTree = "<group>"; };
		FAE1C7552A9555CB0005B011 /* MainPageViewController.swift */ = {isa = PBXFileReference; lastKnownFileType = sourcecode.swift; path = MainPageViewController.swift; sourceTree = "<group>"; };
		FAE1C75A2A9555D00005B011 /* Assets.xcassets */ = {isa = PBXFileReference; lastKnownFileType = folder.assetcatalog; path = Assets.xcassets; sourceTree = "<group>"; };
		FAE1C75D2A9555D00005B011 /* Base */ = {isa = PBXFileReference; lastKnownFileType = file.storyboard; name = Base; path = Base.lproj/LaunchScreen.storyboard; sourceTree = "<group>"; };
		FAE1C75F2A9555D00005B011 /* Info.plist */ = {isa = PBXFileReference; lastKnownFileType = text.plist.xml; path = Info.plist; sourceTree = "<group>"; };
		FAE1C7662A95570A0005B011 /* UIColor+Extensions.swift */ = {isa = PBXFileReference; lastKnownFileType = sourcecode.swift; path = "UIColor+Extensions.swift"; sourceTree = "<group>"; };
		FAE1C7682A95572F0005B011 /* RankingListTableViewCell.swift */ = {isa = PBXFileReference; lastKnownFileType = sourcecode.swift; path = RankingListTableViewCell.swift; sourceTree = "<group>"; };
		FAE1C7712A9558D80005B011 /* CryptoModel.swift */ = {isa = PBXFileReference; lastKnownFileType = sourcecode.swift; path = CryptoModel.swift; sourceTree = "<group>"; };
		FAE1C7732A9559C40005B011 /* FetchCoinDataInteractor.swift */ = {isa = PBXFileReference; lastKnownFileType = sourcecode.swift; path = FetchCoinDataInteractor.swift; sourceTree = "<group>"; };
		FAE1C7782A955BE90005B011 /* MainPagePresenter.swift */ = {isa = PBXFileReference; lastKnownFileType = sourcecode.swift; path = MainPagePresenter.swift; sourceTree = "<group>"; };
		FAE1C77A2A955BFB0005B011 /* MainPageRouter.swift */ = {isa = PBXFileReference; lastKnownFileType = sourcecode.swift; path = MainPageRouter.swift; sourceTree = "<group>"; };
		FAE1C77D2A9560AC0005B011 /* DetailPageViewController.swift */ = {isa = PBXFileReference; lastKnownFileType = sourcecode.swift; path = DetailPageViewController.swift; sourceTree = "<group>"; };
		FAE1C77F2A9560B90005B011 /* DetailPageRouter.swift */ = {isa = PBXFileReference; lastKnownFileType = sourcecode.swift; path = DetailPageRouter.swift; sourceTree = "<group>"; };
		FAE1C7812A9560C60005B011 /* DetailPagePresenter.swift */ = {isa = PBXFileReference; lastKnownFileType = sourcecode.swift; path = DetailPagePresenter.swift; sourceTree = "<group>"; };
/* End PBXFileReference section */

/* Begin PBXFrameworksBuildPhase section */
		FAE1C74B2A9555CB0005B011 /* Frameworks */ = {
			isa = PBXFrameworksBuildPhase;
			buildActionMask = 2147483647;
			files = (
				7398693AB2909CC1FB1C53FA /* Pods_cryptoCurrencyApplication.framework in Frameworks */,
			);
			runOnlyForDeploymentPostprocessing = 0;
		};
/* End PBXFrameworksBuildPhase section */

/* Begin PBXGroup section */
		38E2DC0DE7CBC6E2B35E4513 /* Frameworks */ = {
			isa = PBXGroup;
			children = (
				D86C71B675778CBDF0E90000 /* Pods_cryptoCurrencyApplication.framework */,
			);
			name = Frameworks;
			sourceTree = "<group>";
		};
		E20275B6DBD516E387EBEE04 /* Pods */ = {
			isa = PBXGroup;
			children = (
				4C99601A423487CCC86D15A8 /* Pods-cryptoCurrencyApplication.debug.xcconfig */,
				C7E0943F11DE5F22176987F4 /* Pods-cryptoCurrencyApplication.release.xcconfig */,
			);
			path = Pods;
			sourceTree = "<group>";
		};
		FAE1C7452A9555CB0005B011 = {
			isa = PBXGroup;
			children = (
				FAE1C7502A9555CB0005B011 /* cryptoCurrencyApplication */,
				FAE1C74F2A9555CB0005B011 /* Products */,
				E20275B6DBD516E387EBEE04 /* Pods */,
				38E2DC0DE7CBC6E2B35E4513 /* Frameworks */,
			);
			sourceTree = "<group>";
		};
		FAE1C74F2A9555CB0005B011 /* Products */ = {
			isa = PBXGroup;
			children = (
				FAE1C74E2A9555CB0005B011 /* cryptoCurrencyApplication.app */,
			);
			name = Products;
			sourceTree = "<group>";
		};
		FAE1C7502A9555CB0005B011 /* cryptoCurrencyApplication */ = {
			isa = PBXGroup;
			children = (
				FAE1C77C2A9560980005B011 /* DetailPage */,
				FAE1C7752A955BAA0005B011 /* MainPage */,
				FAE1C7702A9558B00005B011 /* Entity */,
				FAE1C76F2A9558A40005B011 /* Interactor */,
				FAE1C7652A9556FC0005B011 /* Extensions */,
				FAE1C7512A9555CB0005B011 /* AppDelegate.swift */,
				FAE1C7532A9555CB0005B011 /* SceneDelegate.swift */,
				FAE1C75A2A9555D00005B011 /* Assets.xcassets */,
				FAE1C75C2A9555D00005B011 /* LaunchScreen.storyboard */,
				FAE1C75F2A9555D00005B011 /* Info.plist */,
			);
			path = cryptoCurrencyApplication;
			sourceTree = "<group>";
		};
		FAE1C7652A9556FC0005B011 /* Extensions */ = {
			isa = PBXGroup;
			children = (
				FAE1C7662A95570A0005B011 /* UIColor+Extensions.swift */,
			);
			path = Extensions;
			sourceTree = "<group>";
		};
		FAE1C76F2A9558A40005B011 /* Interactor */ = {
			isa = PBXGroup;
			children = (
				FAE1C7732A9559C40005B011 /* FetchCoinDataInteractor.swift */,
			);
			path = Interactor;
			sourceTree = "<group>";
		};
		FAE1C7702A9558B00005B011 /* Entity */ = {
			isa = PBXGroup;
			children = (
				FAE1C7712A9558D80005B011 /* CryptoModel.swift */,
			);
			name = Entity;
			sourceTree = "<group>";
		};
		FAE1C7752A955BAA0005B011 /* MainPage */ = {
			isa = PBXGroup;
			children = (
				FAE1C7552A9555CB0005B011 /* MainPageViewController.swift */,
				FAE1C7682A95572F0005B011 /* RankingListTableViewCell.swift */,
				FAE1C7782A955BE90005B011 /* MainPagePresenter.swift */,
				FAE1C77A2A955BFB0005B011 /* MainPageRouter.swift */,
			);
			path = MainPage;
			sourceTree = "<group>";
		};
		FAE1C77C2A9560980005B011 /* DetailPage */ = {
			isa = PBXGroup;
			children = (
				FAE1C77D2A9560AC0005B011 /* DetailPageViewController.swift */,
				FAE1C77F2A9560B90005B011 /* DetailPageRouter.swift */,
				FAE1C7812A9560C60005B011 /* DetailPagePresenter.swift */,
			);
			path = DetailPage;
			sourceTree = "<group>";
		};
/* End PBXGroup section */

/* Begin PBXNativeTarget section */
		FAE1C74D2A9555CB0005B011 /* cryptoCurrencyApplication */ = {
			isa = PBXNativeTarget;
			buildConfigurationList = FAE1C7622A9555D00005B011 /* Build configuration list for PBXNativeTarget "cryptoCurrencyApplication" */;
			buildPhases = (
				9FE9CF56A83F04E487BBEC68 /* [CP] Check Pods Manifest.lock */,
				FAE1C74A2A9555CB0005B011 /* Sources */,
				FAE1C74B2A9555CB0005B011 /* Frameworks */,
				FAE1C74C2A9555CB0005B011 /* Resources */,
				89AEA6798C32EBAEFFE61294 /* [CP] Embed Pods Frameworks */,
			);
			buildRules = (
			);
			dependencies = (
			);
			name = cryptoCurrencyApplication;
			packageProductDependencies = (
			);
			productName = cryptoCurrencyApplication;
			productReference = FAE1C74E2A9555CB0005B011 /* cryptoCurrencyApplication.app */;
			productType = "com.apple.product-type.application";
		};
/* End PBXNativeTarget section */

/* Begin PBXProject section */
		FAE1C7462A9555CB0005B011 /* Project object */ = {
			isa = PBXProject;
			attributes = {
				BuildIndependentTargetsInParallel = 1;
				LastSwiftUpdateCheck = 1340;
				LastUpgradeCheck = 1340;
				TargetAttributes = {
					FAE1C74D2A9555CB0005B011 = {
						CreatedOnToolsVersion = 13.4.1;
					};
				};
			};
			buildConfigurationList = FAE1C7492A9555CB0005B011 /* Build configuration list for PBXProject "cryptoCurrencyApplication" */;
			compatibilityVersion = "Xcode 13.0";
			developmentRegion = en;
			hasScannedForEncodings = 0;
			knownRegions = (
				en,
				Base,
			);
			mainGroup = FAE1C7452A9555CB0005B011;
			packageReferences = (
			);
			productRefGroup = FAE1C74F2A9555CB0005B011 /* Products */;
			projectDirPath = "";
			projectRoot = "";
			targets = (
				FAE1C74D2A9555CB0005B011 /* cryptoCurrencyApplication */,
			);
		};
/* End PBXProject section */

/* Begin PBXResourcesBuildPhase section */
		FAE1C74C2A9555CB0005B011 /* Resources */ = {
			isa = PBXResourcesBuildPhase;
			buildActionMask = 2147483647;
			files = (
				FAE1C75E2A9555D00005B011 /* LaunchScreen.storyboard in Resources */,
				FAE1C75B2A9555D00005B011 /* Assets.xcassets in Resources */,
			);
			runOnlyForDeploymentPostprocessing = 0;
		};
/* End PBXResourcesBuildPhase section */

/* Begin PBXShellScriptBuildPhase section */
		89AEA6798C32EBAEFFE61294 /* [CP] Embed Pods Frameworks */ = {
			isa = PBXShellScriptBuildPhase;
			buildActionMask = 2147483647;
			files = (
			);
			inputFileListPaths = (
				"${PODS_ROOT}/Target Support Files/Pods-cryptoCurrencyApplication/Pods-cryptoCurrencyApplication-frameworks-${CONFIGURATION}-input-files.xcfilelist",
			);
			name = "[CP] Embed Pods Frameworks";
			outputFileListPaths = (
				"${PODS_ROOT}/Target Support Files/Pods-cryptoCurrencyApplication/Pods-cryptoCurrencyApplication-frameworks-${CONFIGURATION}-output-files.xcfilelist",
			);
			runOnlyForDeploymentPostprocessing = 0;
			shellPath = /bin/sh;
			shellScript = "\"${PODS_ROOT}/Target Support Files/Pods-cryptoCurrencyApplication/Pods-cryptoCurrencyApplication-frameworks.sh\"\n";
			showEnvVarsInLog = 0;
		};
		9FE9CF56A83F04E487BBEC68 /* [CP] Check Pods Manifest.lock */ = {
			isa = PBXShellScriptBuildPhase;
			buildActionMask = 2147483647;
			files = (
			);
			inputFileListPaths = (
			);
			inputPaths = (
				"${PODS_PODFILE_DIR_PATH}/Podfile.lock",
				"${PODS_ROOT}/Manifest.lock",
			);
			name = "[CP] Check Pods Manifest.lock";
			outputFileListPaths = (
			);
			outputPaths = (
				"$(DERIVED_FILE_DIR)/Pods-cryptoCurrencyApplication-checkManifestLockResult.txt",
			);
			runOnlyForDeploymentPostprocessing = 0;
			shellPath = /bin/sh;
			shellScript = "diff \"${PODS_PODFILE_DIR_PATH}/Podfile.lock\" \"${PODS_ROOT}/Manifest.lock\" > /dev/null\nif [ $? != 0 ] ; then\n    # print error to STDERR\n    echo \"error: The sandbox is not in sync with the Podfile.lock. Run 'pod install' or update your CocoaPods installation.\" >&2\n    exit 1\nfi\n# This output is used by Xcode 'outputs' to avoid re-running this script phase.\necho \"SUCCESS\" > \"${SCRIPT_OUTPUT_FILE_0}\"\n";
			showEnvVarsInLog = 0;
		};
/* End PBXShellScriptBuildPhase section */

/* Begin PBXSourcesBuildPhase section */
		FAE1C74A2A9555CB0005B011 /* Sources */ = {
			isa = PBXSourcesBuildPhase;
			buildActionMask = 2147483647;
			files = (
				FAE1C7822A9560C60005B011 /* DetailPagePresenter.swift in Sources */,
				FAE1C7802A9560B90005B011 /* DetailPageRouter.swift in Sources */,
				FAE1C77E2A9560AC0005B011 /* DetailPageViewController.swift in Sources */,
				FAE1C7562A9555CB0005B011 /* MainPageViewController.swift in Sources */,
				FAE1C7522A9555CB0005B011 /* AppDelegate.swift in Sources */,
				FAE1C77B2A955BFB0005B011 /* MainPageRouter.swift in Sources */,
				FAE1C7542A9555CB0005B011 /* SceneDelegate.swift in Sources */,
				FAE1C7742A9559C40005B011 /* FetchCoinDataInteractor.swift in Sources */,
				FAE1C7792A955BE90005B011 /* MainPagePresenter.swift in Sources */,
				FAE1C7672A95570A0005B011 /* UIColor+Extensions.swift in Sources */,
				FAE1C7722A9558D80005B011 /* CryptoModel.swift in Sources */,
				FAE1C7692A95572F0005B011 /* RankingListTableViewCell.swift in Sources */,
			);
			runOnlyForDeploymentPostprocessing = 0;
		};
/* End PBXSourcesBuildPhase section */

/* Begin PBXVariantGroup section */
		FAE1C75C2A9555D00005B011 /* LaunchScreen.storyboard */ = {
			isa = PBXVariantGroup;
			children = (
				FAE1C75D2A9555D00005B011 /* Base */,
			);
			name = LaunchScreen.storyboard;
			sourceTree = "<group>";
		};
/* End PBXVariantGroup section */

/* Begin XCBuildConfiguration section */
		FAE1C7602A9555D00005B011 /* Debug */ = {
			isa = XCBuildConfiguration;
			buildSettings = {
				ALWAYS_SEARCH_USER_PATHS = NO;
				CLANG_ANALYZER_NONNULL = YES;
				CLANG_ANALYZER_NUMBER_OBJECT_CONVERSION = YES_AGGRESSIVE;
				CLANG_CXX_LANGUAGE_STANDARD = "gnu++17";
				CLANG_ENABLE_MODULES = YES;
				CLANG_ENABLE_OBJC_ARC = YES;
				CLANG_ENABLE_OBJC_WEAK = YES;
				CLANG_WARN_BLOCK_CAPTURE_AUTORELEASING = YES;
				CLANG_WARN_BOOL_CONVERSION = YES;
				CLANG_WARN_COMMA = YES;
				CLANG_WARN_CONSTANT_CONVERSION = YES;
				CLANG_WARN_DEPRECATED_OBJC_IMPLEMENTATIONS = YES;
				CLANG_WARN_DIRECT_OBJC_ISA_USAGE = YES_ERROR;
				CLANG_WARN_DOCUMENTATION_COMMENTS = YES;
				CLANG_WARN_EMPTY_BODY = YES;
				CLANG_WARN_ENUM_CONVERSION = YES;
				CLANG_WARN_INFINITE_RECURSION = YES;
				CLANG_WARN_INT_CONVERSION = YES;
				CLANG_WARN_NON_LITERAL_NULL_CONVERSION = YES;
				CLANG_WARN_OBJC_IMPLICIT_RETAIN_SELF = YES;
				CLANG_WARN_OBJC_LITERAL_CONVERSION = YES;
				CLANG_WARN_OBJC_ROOT_CLASS = YES_ERROR;
				CLANG_WARN_QUOTED_INCLUDE_IN_FRAMEWORK_HEADER = YES;
				CLANG_WARN_RANGE_LOOP_ANALYSIS = YES;
				CLANG_WARN_STRICT_PROTOTYPES = YES;
				CLANG_WARN_SUSPICIOUS_MOVE = YES;
				CLANG_WARN_UNGUARDED_AVAILABILITY = YES_AGGRESSIVE;
				CLANG_WARN_UNREACHABLE_CODE = YES;
				CLANG_WARN__DUPLICATE_METHOD_MATCH = YES;
				COPY_PHASE_STRIP = NO;
				DEBUG_INFORMATION_FORMAT = dwarf;
				ENABLE_STRICT_OBJC_MSGSEND = YES;
				ENABLE_TESTABILITY = YES;
				GCC_C_LANGUAGE_STANDARD = gnu11;
				GCC_DYNAMIC_NO_PIC = NO;
				GCC_NO_COMMON_BLOCKS = YES;
				GCC_OPTIMIZATION_LEVEL = 0;
				GCC_PREPROCESSOR_DEFINITIONS = (
					"DEBUG=1",
					"$(inherited)",
				);
				GCC_WARN_64_TO_32_BIT_CONVERSION = YES;
				GCC_WARN_ABOUT_RETURN_TYPE = YES_ERROR;
				GCC_WARN_UNDECLARED_SELECTOR = YES;
				GCC_WARN_UNINITIALIZED_AUTOS = YES_AGGRESSIVE;
				GCC_WARN_UNUSED_FUNCTION = YES;
				GCC_WARN_UNUSED_VARIABLE = YES;
				IPHONEOS_DEPLOYMENT_TARGET = 15.5;
				MTL_ENABLE_DEBUG_INFO = INCLUDE_SOURCE;
				MTL_FAST_MATH = YES;
				ONLY_ACTIVE_ARCH = YES;
				SDKROOT = iphoneos;
				SWIFT_ACTIVE_COMPILATION_CONDITIONS = DEBUG;
				SWIFT_OPTIMIZATION_LEVEL = "-Onone";
			};
			name = Debug;
		};
		FAE1C7612A9555D00005B011 /* Release */ = {
			isa = XCBuildConfiguration;
			buildSettings = {
				ALWAYS_SEARCH_USER_PATHS = NO;
				CLANG_ANALYZER_NONNULL = YES;
				CLANG_ANALYZER_NUMBER_OBJECT_CONVERSION = YES_AGGRESSIVE;
				CLANG_CXX_LANGUAGE_STANDARD = "gnu++17";
				CLANG_ENABLE_MODULES = YES;
				CLANG_ENABLE_OBJC_ARC = YES;
				CLANG_ENABLE_OBJC_WEAK = YES;
				CLANG_WARN_BLOCK_CAPTURE_AUTORELEASING = YES;
				CLANG_WARN_BOOL_CONVERSION = YES;
				CLANG_WARN_COMMA = YES;
				CLANG_WARN_CONSTANT_CONVERSION = YES;
				CLANG_WARN_DEPRECATED_OBJC_IMPLEMENTATIONS = YES;
				CLANG_WARN_DIRECT_OBJC_ISA_USAGE = YES_ERROR;
				CLANG_WARN_DOCUMENTATION_COMMENTS = YES;
				CLANG_WARN_EMPTY_BODY = YES;
				CLANG_WARN_ENUM_CONVERSION = YES;
				CLANG_WARN_INFINITE_RECURSION = YES;
				CLANG_WARN_INT_CONVERSION = YES;
				CLANG_WARN_NON_LITERAL_NULL_CONVERSION = YES;
				CLANG_WARN_OBJC_IMPLICIT_RETAIN_SELF = YES;
				CLANG_WARN_OBJC_LITERAL_CONVERSION = YES;
				CLANG_WARN_OBJC_ROOT_CLASS = YES_ERROR;
				CLANG_WARN_QUOTED_INCLUDE_IN_FRAMEWORK_HEADER = YES;
				CLANG_WARN_RANGE_LOOP_ANALYSIS = YES;
				CLANG_WARN_STRICT_PROTOTYPES = YES;
				CLANG_WARN_SUSPICIOUS_MOVE = YES;
				CLANG_WARN_UNGUARDED_AVAILABILITY = YES_AGGRESSIVE;
				CLANG_WARN_UNREACHABLE_CODE = YES;
				CLANG_WARN__DUPLICATE_METHOD_MATCH = YES;
				COPY_PHASE_STRIP = NO;
				DEBUG_INFORMATION_FORMAT = "dwarf-with-dsym";
				ENABLE_NS_ASSERTIONS = NO;
				ENABLE_STRICT_OBJC_MSGSEND = YES;
				GCC_C_LANGUAGE_STANDARD = gnu11;
				GCC_NO_COMMON_BLOCKS = YES;
				GCC_WARN_64_TO_32_BIT_CONVERSION = YES;
				GCC_WARN_ABOUT_RETURN_TYPE = YES_ERROR;
				GCC_WARN_UNDECLARED_SELECTOR = YES;
				GCC_WARN_UNINITIALIZED_AUTOS = YES_AGGRESSIVE;
				GCC_WARN_UNUSED_FUNCTION = YES;
				GCC_WARN_UNUSED_VARIABLE = YES;
				IPHONEOS_DEPLOYMENT_TARGET = 15.5;
				MTL_ENABLE_DEBUG_INFO = NO;
				MTL_FAST_MATH = YES;
				SDKROOT = iphoneos;
				SWIFT_COMPILATION_MODE = wholemodule;
				SWIFT_OPTIMIZATION_LEVEL = "-O";
				VALIDATE_PRODUCT = YES;
			};
			name = Release;
		};
		FAE1C7632A9555D00005B011 /* Debug */ = {
			isa = XCBuildConfiguration;
			baseConfigurationReference = 4C99601A423487CCC86D15A8 /* Pods-cryptoCurrencyApplication.debug.xcconfig */;
			buildSettings = {
				ASSETCATALOG_COMPILER_APPICON_NAME = AppIcon;
				ASSETCATALOG_COMPILER_GLOBAL_ACCENT_COLOR_NAME = AccentColor;
				CODE_SIGN_STYLE = Automatic;
				CURRENT_PROJECT_VERSION = 1;
				GENERATE_INFOPLIST_FILE = YES;
				INFOPLIST_FILE = cryptoCurrencyApplication/Info.plist;
				INFOPLIST_KEY_UIApplicationSupportsIndirectInputEvents = YES;
				INFOPLIST_KEY_UILaunchStoryboardName = LaunchScreen;
				INFOPLIST_KEY_UISupportedInterfaceOrientations_iPad = "UIInterfaceOrientationPortrait UIInterfaceOrientationPortraitUpsideDown UIInterfaceOrientationLandscapeLeft UIInterfaceOrientationLandscapeRight";
				INFOPLIST_KEY_UISupportedInterfaceOrientations_iPhone = "UIInterfaceOrientationPortrait UIInterfaceOrientationLandscapeLeft UIInterfaceOrientationLandscapeRight";
				LD_RUNPATH_SEARCH_PATHS = (
					"$(inherited)",
					"@executable_path/Frameworks",
				);
				MARKETING_VERSION = 1.0;
				PRODUCT_BUNDLE_IDENTIFIER = okan.cryptoCurrencyApplication;
				PRODUCT_NAME = "$(TARGET_NAME)";
				SWIFT_EMIT_LOC_STRINGS = YES;
				SWIFT_VERSION = 5.0;
				TARGETED_DEVICE_FAMILY = "1,2";
			};
			name = Debug;
		};
		FAE1C7642A9555D00005B011 /* Release */ = {
			isa = XCBuildConfiguration;
			baseConfigurationReference = C7E0943F11DE5F22176987F4 /* Pods-cryptoCurrencyApplication.release.xcconfig */;
			buildSettings = {
				ASSETCATALOG_COMPILER_APPICON_NAME = AppIcon;
				ASSETCATALOG_COMPILER_GLOBAL_ACCENT_COLOR_NAME = AccentColor;
				CODE_SIGN_STYLE = Automatic;
				CURRENT_PROJECT_VERSION = 1;
				GENERATE_INFOPLIST_FILE = YES;
				INFOPLIST_FILE = cryptoCurrencyApplication/Info.plist;
				INFOPLIST_KEY_UIApplicationSupportsIndirectInputEvents = YES;
				INFOPLIST_KEY_UILaunchStoryboardName = LaunchScreen;
				INFOPLIST_KEY_UISupportedInterfaceOrientations_iPad = "UIInterfaceOrientationPortrait UIInterfaceOrientationPortraitUpsideDown UIInterfaceOrientationLandscapeLeft UIInterfaceOrientationLandscapeRight";
				INFOPLIST_KEY_UISupportedInterfaceOrientations_iPhone = "UIInterfaceOrientationPortrait UIInterfaceOrientationLandscapeLeft UIInterfaceOrientationLandscapeRight";
				LD_RUNPATH_SEARCH_PATHS = (
					"$(inherited)",
					"@executable_path/Frameworks",
				);
				MARKETING_VERSION = 1.0;
				PRODUCT_BUNDLE_IDENTIFIER = okan.cryptoCurrencyApplication;
				PRODUCT_NAME = "$(TARGET_NAME)";
				SWIFT_EMIT_LOC_STRINGS = YES;
				SWIFT_VERSION = 5.0;
				TARGETED_DEVICE_FAMILY = "1,2";
			};
			name = Release;
		};
/* End XCBuildConfiguration section */

/* Begin XCConfigurationList section */
		FAE1C7492A9555CB0005B011 /* Build configuration list for PBXProject "cryptoCurrencyApplication" */ = {
			isa = XCConfigurationList;
			buildConfigurations = (
				FAE1C7602A9555D00005B011 /* Debug */,
				FAE1C7612A9555D00005B011 /* Release */,
			);
			defaultConfigurationIsVisible = 0;
			defaultConfigurationName = Release;
		};
		FAE1C7622A9555D00005B011 /* Build configuration list for PBXNativeTarget "cryptoCurrencyApplication" */ = {
			isa = XCConfigurationList;
			buildConfigurations = (
				FAE1C7632A9555D00005B011 /* Debug */,
				FAE1C7642A9555D00005B011 /* Release */,
			);
			defaultConfigurationIsVisible = 0;
			defaultConfigurationName = Release;
		};
/* End XCConfigurationList section */
	};
	rootObject = FAE1C7462A9555CB0005B011 /* Project object */;
}
