{
  "pins" : [
    {
      "identity" : "sdwebimage",
      "kind" : "remoteSourceControl",
      "location" : "https://github.com/SDWebImage/SDWebImage",
      "state" : {
        "branch" : "master",
        "revision" : "c614dffdfd3097ebfb1055a37beee1883eb9f2de"
      }
    }
  ],
  "version" : 2
}
